
Microsoft Visual Studio Solution File, Format Version 12.00
# Visual Studio 15
VisualStudioVersion = 15.0.28307.489
MinimumVisualStudioVersion = 10.0.40219.1
Project("{FAE04EC0-301F-11D3-BF4B-00C04F79EFBC}") = "QuantumLeap", "QuantumLeap\QuantumLeap.csproj", "{0EC2B438-8BAD-422E-84FB-5D90E00D6480}"
EndProject
Global
	GlobalSection(SolutionConfigurationPlatforms) = preSolution
		Debug|Any CPU = Debug|Any CPU
		Release|Any CPU = Release|Any CPU
	EndGlobalSection
	GlobalSection(ProjectConfigurationPlatforms) = postSolution
		{0EC2B438-8BAD-422E-84FB-5D90E00D6480}.Debug|Any CPU.ActiveCfg = Debug|Any CPU
		{0EC2B438-8BAD-422E-84FB-5D90E00D6480}.Debug|Any CPU.Build.0 = Debug|Any CPU
		{0EC2B438-8BAD-422E-84FB-5D90E00D6480}.Release|Any CPU.ActiveCfg = Release|Any CPU
		{0EC2B438-8BAD-422E-84FB-5D90E00D6480}.Release|Any CPU.Build.0 = Release|Any CPU
	EndGlobalSection
	GlobalSection(SolutionProperties) = preSolution
		HideSolutionNode = FALSE
	EndGlobalSection
	GlobalSection(ExtensibilityGlobals) = postSolution
		SolutionGuid = {A349F991-7E89-430F-B5F2-E05931744266}
	EndGlobalSection
EndGlobal
